
Microsoft Visual Studio Solution File, Format Version 12.00
# Visual Studio Version 16
VisualStudioVersion = 16.0.31402.337
MinimumVisualStudioVersion = 10.0.40219.1
Project("{FAE04EC0-301F-11D3-BF4B-00C04F79EFBC}") = "ぶれ範囲", "ぶれ範囲\ぶれ範囲.csproj", "{48C1233D-859A-432A-B2FD-754F6D2CE85B}"
EndProject
Global
	GlobalSection(SolutionConfigurationPlatforms) = preSolution
		Debug|Any CPU = Debug|Any CPU
		Release|Any CPU = Release|Any CPU
	EndGlobalSection
	GlobalSection(ProjectConfigurationPlatforms) = postSolution
		{48C1233D-859A-432A-B2FD-754F6D2CE85B}.Debug|Any CPU.ActiveCfg = Debug|Any CPU
		{48C1233D-859A-432A-B2FD-754F6D2CE85B}.Debug|Any CPU.Build.0 = Debug|Any CPU
		{48C1233D-859A-432A-B2FD-754F6D2CE85B}.Release|Any CPU.ActiveCfg = Release|Any CPU
		{48C1233D-859A-432A-B2FD-754F6D2CE85B}.Release|Any CPU.Build.0 = Release|Any CPU
	EndGlobalSection
	GlobalSection(SolutionProperties) = preSolution
		HideSolutionNode = FALSE
	EndGlobalSection
	GlobalSection(ExtensibilityGlobals) = postSolution
		SolutionGuid = {00D1EC79-AF8B-4CF8-97A4-898F3AD7D9BF}
	EndGlobalSection
EndGlobal
